// !$*UTF8*$!
{
	archiveVersion = 1;
	classes = {
	};
	objectVersion = 55;
	objects = {

/* Begin PBXBuildFile section */
		3F09E0F028958B01004CB00F /* PeopleView.swift in Sources */ = {isa = PBXBuildFile; fileRef = 3F09E0EF28958B01004CB00F /* PeopleView.swift */; };
		3F0B63EB2894570500E9A360 /* UsersStaticData.json in Resources */ = {isa = PBXBuildFile; fileRef = 3F0B63EA2894570500E9A360 /* UsersStaticData.json */; };
		3F0B63ED2894575500E9A360 /* SingleUserData.json in Resources */ = {isa = PBXBuildFile; fileRef = 3F0B63EC2894575500E9A360 /* SingleUserData.json */; };
		3F0B63EF2894584600E9A360 /* UserDetailResponse.swift in Sources */ = {isa = PBXBuildFile; fileRef = 3F0B63EE2894584600E9A360 /* UserDetailResponse.swift */; };
		3F0B63F1289458B100E9A360 /* UsersResponse.swift in Sources */ = {isa = PBXBuildFile; fileRef = 3F0B63F0289458B100E9A360 /* UsersResponse.swift */; };
		3F0B63F42894597B00E9A360 /* Models.swift in Sources */ = {isa = PBXBuildFile; fileRef = 3F0B63F32894597B00E9A360 /* Models.swift */; };
		3F0B63F7289459BC00E9A360 /* StaticJSONMapper.swift in Sources */ = {isa = PBXBuildFile; fileRef = 3F0B63F6289459BC00E9A360 /* StaticJSONMapper.swift */; };
		3F13509528A2A99E0054ACF6 /* DetailViewModel.swift in Sources */ = {isa = PBXBuildFile; fileRef = 3F13509428A2A99E0054ACF6 /* DetailViewModel.swift */; };
		3F1964B52896E0FA00480446 /* PersonItemView.swift in Sources */ = {isa = PBXBuildFile; fileRef = 3F1964B42896E0FA00480446 /* PersonItemView.swift */; };
		3F1964B82896E42400480446 /* PillView.swift in Sources */ = {isa = PBXBuildFile; fileRef = 3F1964B72896E42400480446 /* PillView.swift */; };
		3F3BC22E289F06B000A0DEFA /* NetworkingManager.swift in Sources */ = {isa = PBXBuildFile; fileRef = 3F3BC22D289F06B000A0DEFA /* NetworkingManager.swift */; };
		3F56E99328884C6000017492 /* iOSTakeHomeProjectApp.swift in Sources */ = {isa = PBXBuildFile; fileRef = 3F56E99228884C6000017492 /* iOSTakeHomeProjectApp.swift */; };
		3F56E99728884C6200017492 /* Assets.xcassets in Resources */ = {isa = PBXBuildFile; fileRef = 3F56E99628884C6200017492 /* Assets.xcassets */; };
		3F56E99A28884C6200017492 /* Preview Assets.xcassets in Resources */ = {isa = PBXBuildFile; fileRef = 3F56E99928884C6200017492 /* Preview Assets.xcassets */; };
		3F56E9A228884D1D00017492 /* Symbols.swift in Sources */ = {isa = PBXBuildFile; fileRef = 3F56E9A128884D1D00017492 /* Symbols.swift */; };
		3F56E9A4288852E300017492 /* Theme.swift in Sources */ = {isa = PBXBuildFile; fileRef = 3F56E9A3288852E300017492 /* Theme.swift */; };
		3F77F82B28997079003DC681 /* DetailView.swift in Sources */ = {isa = PBXBuildFile; fileRef = 3F77F82A28997079003DC681 /* DetailView.swift */; };
		3FB100CA28A0043C00D22C57 /* PeopleViewModel.swift in Sources */ = {isa = PBXBuildFile; fileRef = 3FB100C928A0043C00D22C57 /* PeopleViewModel.swift */; };
		3FC3F530289C101D006E44E4 /* CreateView.swift in Sources */ = {isa = PBXBuildFile; fileRef = 3FC3F52F289C101D006E44E4 /* CreateView.swift */; };
		3FC6D84B28A9690C007F7999 /* CheckmarkPopoverView.swift in Sources */ = {isa = PBXBuildFile; fileRef = 3FC6D84A28A9690C007F7999 /* CheckmarkPopoverView.swift */; };
		3FDB00D728AA9EF500242407 /* CreateValidator.swift in Sources */ = {isa = PBXBuildFile; fileRef = 3FDB00D628AA9EF500242407 /* CreateValidator.swift */; };
		3FFBBDE228A40BE300ED4E24 /* NewPerson.swift in Sources */ = {isa = PBXBuildFile; fileRef = 3FFBBDE128A40BE300ED4E24 /* NewPerson.swift */; };
		3FFBBDE428A40C5300ED4E24 /* CreateViewModel.swift in Sources */ = {isa = PBXBuildFile; fileRef = 3FFBBDE328A40C5300ED4E24 /* CreateViewModel.swift */; };
/* End PBXBuildFile section */

/* Begin PBXFileReference section */
		3F09E0EF28958B01004CB00F /* PeopleView.swift */ = {isa = PBXFileReference; lastKnownFileType = sourcecode.swift; path = PeopleView.swift; sourceTree = "<group>"; };
		3F0B63EA2894570500E9A360 /* UsersStaticData.json */ = {isa = PBXFileReference; lastKnownFileType = text.json; path = UsersStaticData.json; sourceTree = "<group>"; };
		3F0B63EC2894575500E9A360 /* SingleUserData.json */ = {isa = PBXFileReference; lastKnownFileType = text.json; path = SingleUserData.json; sourceTree = "<group>"; };
		3F0B63EE2894584600E9A360 /* UserDetailResponse.swift */ = {isa = PBXFileReference; lastKnownFileType = sourcecode.swift; path = UserDetailResponse.swift; sourceTree = "<group>"; };
		3F0B63F0289458B100E9A360 /* UsersResponse.swift */ = {isa = PBXFileReference; lastKnownFileType = sourcecode.swift; path = UsersResponse.swift; sourceTree = "<group>"; };
		3F0B63F32894597B00E9A360 /* Models.swift */ = {isa = PBXFileReference; lastKnownFileType = sourcecode.swift; path = Models.swift; sourceTree = "<group>"; };
		3F0B63F6289459BC00E9A360 /* StaticJSONMapper.swift */ = {isa = PBXFileReference; lastKnownFileType = sourcecode.swift; path = StaticJSONMapper.swift; sourceTree = "<group>"; };
		3F13509428A2A99E0054ACF6 /* DetailViewModel.swift */ = {isa = PBXFileReference; lastKnownFileType = sourcecode.swift; path = DetailViewModel.swift; sourceTree = "<group>"; };
		3F1964B42896E0FA00480446 /* PersonItemView.swift */ = {isa = PBXFileReference; lastKnownFileType = sourcecode.swift; path = PersonItemView.swift; sourceTree = "<group>"; };
		3F1964B72896E42400480446 /* PillView.swift */ = {isa = PBXFileReference; lastKnownFileType = sourcecode.swift; path = PillView.swift; sourceTree = "<group>"; };
		3F3BC22D289F06B000A0DEFA /* NetworkingManager.swift */ = {isa = PBXFileReference; lastKnownFileType = sourcecode.swift; path = NetworkingManager.swift; sourceTree = "<group>"; };
		3F56E98F28884C6000017492 /* iOSTakeHomeProject.app */ = {isa = PBXFileReference; explicitFileType = wrapper.application; includeInIndex = 0; path = iOSTakeHomeProject.app; sourceTree = BUILT_PRODUCTS_DIR; };
		3F56E99228884C6000017492 /* iOSTakeHomeProjectApp.swift */ = {isa = PBXFileReference; lastKnownFileType = sourcecode.swift; path = iOSTakeHomeProjectApp.swift; sourceTree = "<group>"; };
		3F56E99628884C6200017492 /* Assets.xcassets */ = {isa = PBXFileReference; lastKnownFileType = folder.assetcatalog; path = Assets.xcassets; sourceTree = "<group>"; };
		3F56E99928884C6200017492 /* Preview Assets.xcassets */ = {isa = PBXFileReference; lastKnownFileType = folder.assetcatalog; path = "Preview Assets.xcassets"; sourceTree = "<group>"; };
		3F56E9A128884D1D00017492 /* Symbols.swift */ = {isa = PBXFileReference; lastKnownFileType = sourcecode.swift; path = Symbols.swift; sourceTree = "<group>"; };
		3F56E9A3288852E300017492 /* Theme.swift */ = {isa = PBXFileReference; lastKnownFileType = sourcecode.swift; path = Theme.swift; sourceTree = "<group>"; };
		3F77F82A28997079003DC681 /* DetailView.swift */ = {isa = PBXFileReference; lastKnownFileType = sourcecode.swift; path = DetailView.swift; sourceTree = "<group>"; };
		3FB100C928A0043C00D22C57 /* PeopleViewModel.swift */ = {isa = PBXFileReference; lastKnownFileType = sourcecode.swift; path = PeopleViewModel.swift; sourceTree = "<group>"; };
		3FC3F52F289C101D006E44E4 /* CreateView.swift */ = {isa = PBXFileReference; lastKnownFileType = sourcecode.swift; path = CreateView.swift; sourceTree = "<group>"; };
		3FC6D84A28A9690C007F7999 /* CheckmarkPopoverView.swift */ = {isa = PBXFileReference; lastKnownFileType = sourcecode.swift; path = CheckmarkPopoverView.swift; sourceTree = "<group>"; };
		3FDB00D628AA9EF500242407 /* CreateValidator.swift */ = {isa = PBXFileReference; lastKnownFileType = sourcecode.swift; path = CreateValidator.swift; sourceTree = "<group>"; };
		3FED995F288B1276005A3122 /* Info.plist */ = {isa = PBXFileReference; lastKnownFileType = text.plist; path = Info.plist; sourceTree = "<group>"; };
		3FFBBDE128A40BE300ED4E24 /* NewPerson.swift */ = {isa = PBXFileReference; lastKnownFileType = sourcecode.swift; path = NewPerson.swift; sourceTree = "<group>"; };
		3FFBBDE328A40C5300ED4E24 /* CreateViewModel.swift */ = {isa = PBXFileReference; lastKnownFileType = sourcecode.swift; path = CreateViewModel.swift; sourceTree = "<group>"; };
/* End PBXFileReference section */

/* Begin PBXFrameworksBuildPhase section */
		3F56E98C28884C6000017492 /* Frameworks */ = {
			isa = PBXFrameworksBuildPhase;
			buildActionMask = 2147483647;
			files = (
			);
			runOnlyForDeploymentPostprocessing = 0;
		};
/* End PBXFrameworksBuildPhase section */

/* Begin PBXGroup section */
		3F03659F2889E349003896CB /* Base */ = {
			isa = PBXGroup;
			children = (
				3F3BC22C289F069E00A0DEFA /* API */,
				3F1964B62896E41800480446 /* Views */,
				3F0B63F5289459AF00E9A360 /* Mapper */,
				3F0B63F22894597000E9A360 /* Model */,
			);
			path = Base;
			sourceTree = "<group>";
		};
		3F0365A02889E351003896CB /* Features */ = {
			isa = PBXGroup;
			children = (
				3F0365A42889E36C003896CB /* Settings */,
				3F0365A32889E366003896CB /* Detail */,
				3F0365A22889E361003896CB /* Create */,
				3F0365A12889E357003896CB /* People */,
			);
			path = Features;
			sourceTree = "<group>";
		};
		3F0365A12889E357003896CB /* People */ = {
			isa = PBXGroup;
			children = (
				3F0365A72889E380003896CB /* View Models */,
				3F0365A62889E379003896CB /* Model */,
				3F0365A52889E374003896CB /* Views */,
			);
			path = People;
			sourceTree = "<group>";
		};
		3F0365A22889E361003896CB /* Create */ = {
			isa = PBXGroup;
			children = (
				3FDB00D528AA9EDC00242407 /* Validator */,
				3F0365AA2889E3CB003896CB /* Views */,
				3F0365A92889E3C3003896CB /* Model */,
				3F0365A82889E3BA003896CB /* View Models */,
			);
			path = Create;
			sourceTree = "<group>";
		};
		3F0365A32889E366003896CB /* Detail */ = {
			isa = PBXGroup;
			children = (
				3F0365AD2889E3E4003896CB /* Views */,
				3F0365AC2889E3DE003896CB /* Model */,
				3F0365AB2889E3D8003896CB /* View Models */,
			);
			path = Detail;
			sourceTree = "<group>";
		};
		3F0365A42889E36C003896CB /* Settings */ = {
			isa = PBXGroup;
			children = (
				3F0365AE2889E419003896CB /* Views */,
			);
			path = Settings;
			sourceTree = "<group>";
		};
		3F0365A52889E374003896CB /* Views */ = {
			isa = PBXGroup;
			children = (
				3F09E0EF28958B01004CB00F /* PeopleView.swift */,
				3F1964B42896E0FA00480446 /* PersonItemView.swift */,
			);
			path = Views;
			sourceTree = "<group>";
		};
		3F0365A62889E379003896CB /* Model */ = {
			isa = PBXGroup;
			children = (
				3F0B63F0289458B100E9A360 /* UsersResponse.swift */,
			);
			path = Model;
			sourceTree = "<group>";
		};
		3F0365A72889E380003896CB /* View Models */ = {
			isa = PBXGroup;
			children = (
				3FB100C928A0043C00D22C57 /* PeopleViewModel.swift */,
			);
			path = "View Models";
			sourceTree = "<group>";
		};
		3F0365A82889E3BA003896CB /* View Models */ = {
			isa = PBXGroup;
			children = (
				3FFBBDE328A40C5300ED4E24 /* CreateViewModel.swift */,
			);
			path = "View Models";
			sourceTree = "<group>";
		};
		3F0365A92889E3C3003896CB /* Model */ = {
			isa = PBXGroup;
			children = (
				3FFBBDE128A40BE300ED4E24 /* NewPerson.swift */,
			);
			path = Model;
			sourceTree = "<group>";
		};
		3F0365AA2889E3CB003896CB /* Views */ = {
			isa = PBXGroup;
			children = (
				3FC3F52F289C101D006E44E4 /* CreateView.swift */,
			);
			path = Views;
			sourceTree = "<group>";
		};
		3F0365AB2889E3D8003896CB /* View Models */ = {
			isa = PBXGroup;
			children = (
				3F13509428A2A99E0054ACF6 /* DetailViewModel.swift */,
			);
			path = "View Models";
			sourceTree = "<group>";
		};
		3F0365AC2889E3DE003896CB /* Model */ = {
			isa = PBXGroup;
			children = (
				3F0B63EE2894584600E9A360 /* UserDetailResponse.swift */,
			);
			path = Model;
			sourceTree = "<group>";
		};
		3F0365AD2889E3E4003896CB /* Views */ = {
			isa = PBXGroup;
			children = (
				3F77F82A28997079003DC681 /* DetailView.swift */,
			);
			path = Views;
			sourceTree = "<group>";
		};
		3F0365AE2889E419003896CB /* Views */ = {
			isa = PBXGroup;
			children = (
			);
			path = Views;
			sourceTree = "<group>";
		};
		3F0B63E9289456EC00E9A360 /* JSON */ = {
			isa = PBXGroup;
			children = (
				3F0B63EA2894570500E9A360 /* UsersStaticData.json */,
				3F0B63EC2894575500E9A360 /* SingleUserData.json */,
			);
			path = JSON;
			sourceTree = "<group>";
		};
		3F0B63F22894597000E9A360 /* Model */ = {
			isa = PBXGroup;
			children = (
				3F0B63F32894597B00E9A360 /* Models.swift */,
			);
			path = Model;
			sourceTree = "<group>";
		};
		3F0B63F5289459AF00E9A360 /* Mapper */ = {
			isa = PBXGroup;
			children = (
				3F0B63F6289459BC00E9A360 /* StaticJSONMapper.swift */,
			);
			path = Mapper;
			sourceTree = "<group>";
		};
		3F1964B62896E41800480446 /* Views */ = {
			isa = PBXGroup;
			children = (
				3F1964B72896E42400480446 /* PillView.swift */,
				3FC6D84A28A9690C007F7999 /* CheckmarkPopoverView.swift */,
			);
			name = Views;
			sourceTree = "<group>";
		};
		3F3BC22C289F069E00A0DEFA /* API */ = {
			isa = PBXGroup;
			children = (
				3F3BC22D289F06B000A0DEFA /* NetworkingManager.swift */,
			);
			path = API;
			sourceTree = "<group>";
		};
		3F56E98628884C6000017492 = {
			isa = PBXGroup;
			children = (
				3F56E99128884C6000017492 /* iOSTakeHomeProject */,
				3F56E99028884C6000017492 /* Products */,
			);
			sourceTree = "<group>";
		};
		3F56E99028884C6000017492 /* Products */ = {
			isa = PBXGroup;
			children = (
				3F56E98F28884C6000017492 /* iOSTakeHomeProject.app */,
			);
			name = Products;
			sourceTree = "<group>";
		};
		3F56E99128884C6000017492 /* iOSTakeHomeProject */ = {
			isa = PBXGroup;
			children = (
				3FED995F288B1276005A3122 /* Info.plist */,
				3F0365A02889E351003896CB /* Features */,
				3F03659F2889E349003896CB /* Base */,
				3F56E9A028884D0B00017492 /* Resources */,
				3F56E99228884C6000017492 /* iOSTakeHomeProjectApp.swift */,
				3F56E99628884C6200017492 /* Assets.xcassets */,
				3F56E99828884C6200017492 /* Preview Content */,
			);
			path = iOSTakeHomeProject;
			sourceTree = "<group>";
		};
		3F56E99828884C6200017492 /* Preview Content */ = {
			isa = PBXGroup;
			children = (
				3F56E99928884C6200017492 /* Preview Assets.xcassets */,
			);
			path = "Preview Content";
			sourceTree = "<group>";
		};
		3F56E9A028884D0B00017492 /* Resources */ = {
			isa = PBXGroup;
			children = (
				3F0B63E9289456EC00E9A360 /* JSON */,
				3F56E9A128884D1D00017492 /* Symbols.swift */,
				3F56E9A3288852E300017492 /* Theme.swift */,
			);
			path = Resources;
			sourceTree = "<group>";
		};
		3FDB00D528AA9EDC00242407 /* Validator */ = {
			isa = PBXGroup;
			children = (
				3FDB00D628AA9EF500242407 /* CreateValidator.swift */,
			);
			path = Validator;
			sourceTree = "<group>";
		};
/* End PBXGroup section */

/* Begin PBXNativeTarget section */
		3F56E98E28884C6000017492 /* iOSTakeHomeProject */ = {
			isa = PBXNativeTarget;
			buildConfigurationList = 3F56E99D28884C6200017492 /* Build configuration list for PBXNativeTarget "iOSTakeHomeProject" */;
			buildPhases = (
				3F56E98B28884C6000017492 /* Sources */,
				3F56E98C28884C6000017492 /* Frameworks */,
				3F56E98D28884C6000017492 /* Resources */,
			);
			buildRules = (
			);
			dependencies = (
			);
			name = iOSTakeHomeProject;
			productName = iOSTakeHomeProject;
			productReference = 3F56E98F28884C6000017492 /* iOSTakeHomeProject.app */;
			productType = "com.apple.product-type.application";
		};
/* End PBXNativeTarget section */

/* Begin PBXProject section */
		3F56E98728884C6000017492 /* Project object */ = {
			isa = PBXProject;
			attributes = {
				BuildIndependentTargetsInParallel = 1;
				LastSwiftUpdateCheck = 1340;
				LastUpgradeCheck = 1340;
				TargetAttributes = {
					3F56E98E28884C6000017492 = {
						CreatedOnToolsVersion = 13.4.1;
					};
				};
			};
			buildConfigurationList = 3F56E98A28884C6000017492 /* Build configuration list for PBXProject "iOSTakeHomeProject" */;
			compatibilityVersion = "Xcode 13.0";
			developmentRegion = en;
			hasScannedForEncodings = 0;
			knownRegions = (
				en,
				Base,
			);
			mainGroup = 3F56E98628884C6000017492;
			productRefGroup = 3F56E99028884C6000017492 /* Products */;
			projectDirPath = "";
			projectRoot = "";
			targets = (
				3F56E98E28884C6000017492 /* iOSTakeHomeProject */,
			);
		};
/* End PBXProject section */

/* Begin PBXResourcesBuildPhase section */
		3F56E98D28884C6000017492 /* Resources */ = {
			isa = PBXResourcesBuildPhase;
			buildActionMask = 2147483647;
			files = (
				3F56E99A28884C6200017492 /* Preview Assets.xcassets in Resources */,
				3F56E99728884C6200017492 /* Assets.xcassets in Resources */,
				3F0B63ED2894575500E9A360 /* SingleUserData.json in Resources */,
				3F0B63EB2894570500E9A360 /* UsersStaticData.json in Resources */,
			);
			runOnlyForDeploymentPostprocessing = 0;
		};
/* End PBXResourcesBuildPhase section */

/* Begin PBXSourcesBuildPhase section */
		3F56E98B28884C6000017492 /* Sources */ = {
			isa = PBXSourcesBuildPhase;
			buildActionMask = 2147483647;
			files = (
				3FC6D84B28A9690C007F7999 /* CheckmarkPopoverView.swift in Sources */,
				3F0B63F7289459BC00E9A360 /* StaticJSONMapper.swift in Sources */,
				3F1964B82896E42400480446 /* PillView.swift in Sources */,
				3F56E9A228884D1D00017492 /* Symbols.swift in Sources */,
				3FFBBDE428A40C5300ED4E24 /* CreateViewModel.swift in Sources */,
				3F09E0F028958B01004CB00F /* PeopleView.swift in Sources */,
				3F56E9A4288852E300017492 /* Theme.swift in Sources */,
				3F77F82B28997079003DC681 /* DetailView.swift in Sources */,
				3F0B63EF2894584600E9A360 /* UserDetailResponse.swift in Sources */,
				3F56E99328884C6000017492 /* iOSTakeHomeProjectApp.swift in Sources */,
				3F3BC22E289F06B000A0DEFA /* NetworkingManager.swift in Sources */,
				3F0B63F1289458B100E9A360 /* UsersResponse.swift in Sources */,
				3F1964B52896E0FA00480446 /* PersonItemView.swift in Sources */,
				3FFBBDE228A40BE300ED4E24 /* NewPerson.swift in Sources */,
				3FB100CA28A0043C00D22C57 /* PeopleViewModel.swift in Sources */,
				3FC3F530289C101D006E44E4 /* CreateView.swift in Sources */,
				3FDB00D728AA9EF500242407 /* CreateValidator.swift in Sources */,
				3F13509528A2A99E0054ACF6 /* DetailViewModel.swift in Sources */,
				3F0B63F42894597B00E9A360 /* Models.swift in Sources */,
			);
			runOnlyForDeploymentPostprocessing = 0;
		};
/* End PBXSourcesBuildPhase section */

/* Begin XCBuildConfiguration section */
		3F56E99B28884C6200017492 /* Debug */ = {
			isa = XCBuildConfiguration;
			buildSettings = {
				ALWAYS_SEARCH_USER_PATHS = NO;
				CLANG_ANALYZER_NONNULL = YES;
				CLANG_ANALYZER_NUMBER_OBJECT_CONVERSION = YES_AGGRESSIVE;
				CLANG_CXX_LANGUAGE_STANDARD = "gnu++17";
				CLANG_ENABLE_MODULES = YES;
				CLANG_ENABLE_OBJC_ARC = YES;
				CLANG_ENABLE_OBJC_WEAK = YES;
				CLANG_WARN_BLOCK_CAPTURE_AUTORELEASING = YES;
				CLANG_WARN_BOOL_CONVERSION = YES;
				CLANG_WARN_COMMA = YES;
				CLANG_WARN_CONSTANT_CONVERSION = YES;
				CLANG_WARN_DEPRECATED_OBJC_IMPLEMENTATIONS = YES;
				CLANG_WARN_DIRECT_OBJC_ISA_USAGE = YES_ERROR;
				CLANG_WARN_DOCUMENTATION_COMMENTS = YES;
				CLANG_WARN_EMPTY_BODY = YES;
				CLANG_WARN_ENUM_CONVERSION = YES;
				CLANG_WARN_INFINITE_RECURSION = YES;
				CLANG_WARN_INT_CONVERSION = YES;
				CLANG_WARN_NON_LITERAL_NULL_CONVERSION = YES;
				CLANG_WARN_OBJC_IMPLICIT_RETAIN_SELF = YES;
				CLANG_WARN_OBJC_LITERAL_CONVERSION = YES;
				CLANG_WARN_OBJC_ROOT_CLASS = YES_ERROR;
				CLANG_WARN_QUOTED_INCLUDE_IN_FRAMEWORK_HEADER = YES;
				CLANG_WARN_RANGE_LOOP_ANALYSIS = YES;
				CLANG_WARN_STRICT_PROTOTYPES = YES;
				CLANG_WARN_SUSPICIOUS_MOVE = YES;
				CLANG_WARN_UNGUARDED_AVAILABILITY = YES_AGGRESSIVE;
				CLANG_WARN_UNREACHABLE_CODE = YES;
				CLANG_WARN__DUPLICATE_METHOD_MATCH = YES;
				COPY_PHASE_STRIP = NO;
				DEBUG_INFORMATION_FORMAT = dwarf;
				ENABLE_STRICT_OBJC_MSGSEND = YES;
				ENABLE_TESTABILITY = YES;
				GCC_C_LANGUAGE_STANDARD = gnu11;
				GCC_DYNAMIC_NO_PIC = NO;
				GCC_NO_COMMON_BLOCKS = YES;
				GCC_OPTIMIZATION_LEVEL = 0;
				GCC_PREPROCESSOR_DEFINITIONS = (
					"DEBUG=1",
					"$(inherited)",
				);
				GCC_WARN_64_TO_32_BIT_CONVERSION = YES;
				GCC_WARN_ABOUT_RETURN_TYPE = YES_ERROR;
				GCC_WARN_UNDECLARED_SELECTOR = YES;
				GCC_WARN_UNINITIALIZED_AUTOS = YES_AGGRESSIVE;
				GCC_WARN_UNUSED_FUNCTION = YES;
				GCC_WARN_UNUSED_VARIABLE = YES;
				IPHONEOS_DEPLOYMENT_TARGET = 15.5;
				MTL_ENABLE_DEBUG_INFO = INCLUDE_SOURCE;
				MTL_FAST_MATH = YES;
				ONLY_ACTIVE_ARCH = YES;
				SDKROOT = iphoneos;
				SWIFT_ACTIVE_COMPILATION_CONDITIONS = DEBUG;
				SWIFT_OPTIMIZATION_LEVEL = "-Onone";
			};
			name = Debug;
		};
		3F56E99C28884C6200017492 /* Release */ = {
			isa = XCBuildConfiguration;
			buildSettings = {
				ALWAYS_SEARCH_USER_PATHS = NO;
				CLANG_ANALYZER_NONNULL = YES;
				CLANG_ANALYZER_NUMBER_OBJECT_CONVERSION = YES_AGGRESSIVE;
				CLANG_CXX_LANGUAGE_STANDARD = "gnu++17";
				CLANG_ENABLE_MODULES = YES;
				CLANG_ENABLE_OBJC_ARC = YES;
				CLANG_ENABLE_OBJC_WEAK = YES;
				CLANG_WARN_BLOCK_CAPTURE_AUTORELEASING = YES;
				CLANG_WARN_BOOL_CONVERSION = YES;
				CLANG_WARN_COMMA = YES;
				CLANG_WARN_CONSTANT_CONVERSION = YES;
				CLANG_WARN_DEPRECATED_OBJC_IMPLEMENTATIONS = YES;
				CLANG_WARN_DIRECT_OBJC_ISA_USAGE = YES_ERROR;
				CLANG_WARN_DOCUMENTATION_COMMENTS = YES;
				CLANG_WARN_EMPTY_BODY = YES;
				CLANG_WARN_ENUM_CONVERSION = YES;
				CLANG_WARN_INFINITE_RECURSION = YES;
				CLANG_WARN_INT_CONVERSION = YES;
				CLANG_WARN_NON_LITERAL_NULL_CONVERSION = YES;
				CLANG_WARN_OBJC_IMPLICIT_RETAIN_SELF = YES;
				CLANG_WARN_OBJC_LITERAL_CONVERSION = YES;
				CLANG_WARN_OBJC_ROOT_CLASS = YES_ERROR;
				CLANG_WARN_QUOTED_INCLUDE_IN_FRAMEWORK_HEADER = YES;
				CLANG_WARN_RANGE_LOOP_ANALYSIS = YES;
				CLANG_WARN_STRICT_PROTOTYPES = YES;
				CLANG_WARN_SUSPICIOUS_MOVE = YES;
				CLANG_WARN_UNGUARDED_AVAILABILITY = YES_AGGRESSIVE;
				CLANG_WARN_UNREACHABLE_CODE = YES;
				CLANG_WARN__DUPLICATE_METHOD_MATCH = YES;
				COPY_PHASE_STRIP = NO;
				DEBUG_INFORMATION_FORMAT = "dwarf-with-dsym";
				ENABLE_NS_ASSERTIONS = NO;
				ENABLE_STRICT_OBJC_MSGSEND = YES;
				GCC_C_LANGUAGE_STANDARD = gnu11;
				GCC_NO_COMMON_BLOCKS = YES;
				GCC_WARN_64_TO_32_BIT_CONVERSION = YES;
				GCC_WARN_ABOUT_RETURN_TYPE = YES_ERROR;
				GCC_WARN_UNDECLARED_SELECTOR = YES;
				GCC_WARN_UNINITIALIZED_AUTOS = YES_AGGRESSIVE;
				GCC_WARN_UNUSED_FUNCTION = YES;
				GCC_WARN_UNUSED_VARIABLE = YES;
				IPHONEOS_DEPLOYMENT_TARGET = 15.5;
				MTL_ENABLE_DEBUG_INFO = NO;
				MTL_FAST_MATH = YES;
				SDKROOT = iphoneos;
				SWIFT_COMPILATION_MODE = wholemodule;
				SWIFT_OPTIMIZATION_LEVEL = "-O";
				VALIDATE_PRODUCT = YES;
			};
			name = Release;
		};
		3F56E99E28884C6200017492 /* Debug */ = {
			isa = XCBuildConfiguration;
			buildSettings = {
				ASSETCATALOG_COMPILER_APPICON_NAME = AppIcon;
				ASSETCATALOG_COMPILER_GLOBAL_ACCENT_COLOR_NAME = AccentColor;
				CODE_SIGN_STYLE = Automatic;
				CURRENT_PROJECT_VERSION = 1;
				DEVELOPMENT_ASSET_PATHS = "\"iOSTakeHomeProject/Preview Content\"";
				DEVELOPMENT_TEAM = A38BY3M22P;
				ENABLE_PREVIEWS = YES;
				GENERATE_INFOPLIST_FILE = YES;
				INFOPLIST_FILE = iOSTakeHomeProject/Info.plist;
				INFOPLIST_KEY_UIApplicationSceneManifest_Generation = YES;
				INFOPLIST_KEY_UIApplicationSupportsIndirectInputEvents = YES;
				INFOPLIST_KEY_UISupportedInterfaceOrientations_iPad = "UIInterfaceOrientationPortrait UIInterfaceOrientationPortraitUpsideDown UIInterfaceOrientationLandscapeLeft UIInterfaceOrientationLandscapeRight";
				INFOPLIST_KEY_UISupportedInterfaceOrientations_iPhone = "UIInterfaceOrientationPortrait UIInterfaceOrientationLandscapeLeft UIInterfaceOrientationLandscapeRight";
				LD_RUNPATH_SEARCH_PATHS = (
					"$(inherited)",
					"@executable_path/Frameworks",
				);
				MARKETING_VERSION = 1.0;
				PRODUCT_BUNDLE_IDENTIFIER = HolmsonJH.iOSTakeHomeProject;
				PRODUCT_NAME = "$(TARGET_NAME)";
				SWIFT_EMIT_LOC_STRINGS = YES;
				SWIFT_VERSION = 5.0;
				TARGETED_DEVICE_FAMILY = "1,2";
			};
			name = Debug;
		};
		3F56E99F28884C6200017492 /* Release */ = {
			isa = XCBuildConfiguration;
			buildSettings = {
				ASSETCATALOG_COMPILER_APPICON_NAME = AppIcon;
				ASSETCATALOG_COMPILER_GLOBAL_ACCENT_COLOR_NAME = AccentColor;
				CODE_SIGN_STYLE = Automatic;
				CURRENT_PROJECT_VERSION = 1;
				DEVELOPMENT_ASSET_PATHS = "\"iOSTakeHomeProject/Preview Content\"";
				DEVELOPMENT_TEAM = A38BY3M22P;
				ENABLE_PREVIEWS = YES;
				GENERATE_INFOPLIST_FILE = YES;
				INFOPLIST_FILE = iOSTakeHomeProject/Info.plist;
				INFOPLIST_KEY_UIApplicationSceneManifest_Generation = YES;
				INFOPLIST_KEY_UIApplicationSupportsIndirectInputEvents = YES;
				INFOPLIST_KEY_UISupportedInterfaceOrientations_iPad = "UIInterfaceOrientationPortrait UIInterfaceOrientationPortraitUpsideDown UIInterfaceOrientationLandscapeLeft UIInterfaceOrientationLandscapeRight";
				INFOPLIST_KEY_UISupportedInterfaceOrientations_iPhone = "UIInterfaceOrientationPortrait UIInterfaceOrientationLandscapeLeft UIInterfaceOrientationLandscapeRight";
				LD_RUNPATH_SEARCH_PATHS = (
					"$(inherited)",
					"@executable_path/Frameworks",
				);
				MARKETING_VERSION = 1.0;
				PRODUCT_BUNDLE_IDENTIFIER = HolmsonJH.iOSTakeHomeProject;
				PRODUCT_NAME = "$(TARGET_NAME)";
				SWIFT_EMIT_LOC_STRINGS = YES;
				SWIFT_VERSION = 5.0;
				TARGETED_DEVICE_FAMILY = "1,2";
			};
			name = Release;
		};
/* End XCBuildConfiguration section */

/* Begin XCConfigurationList section */
		3F56E98A28884C6000017492 /* Build configuration list for PBXProject "iOSTakeHomeProject" */ = {
			isa = XCConfigurationList;
			buildConfigurations = (
				3F56E99B28884C6200017492 /* Debug */,
				3F56E99C28884C6200017492 /* Release */,
			);
			defaultConfigurationIsVisible = 0;
			defaultConfigurationName = Release;
		};
		3F56E99D28884C6200017492 /* Build configuration list for PBXNativeTarget "iOSTakeHomeProject" */ = {
			isa = XCConfigurationList;
			buildConfigurations = (
				3F56E99E28884C6200017492 /* Debug */,
				3F56E99F28884C6200017492 /* Release */,
			);
			defaultConfigurationIsVisible = 0;
			defaultConfigurationName = Release;
		};
/* End XCConfigurationList section */
	};
	rootObject = 3F56E98728884C6000017492 /* Project object */;
}
